{
  "name": "beis-report-official-development-assistance",
  "version": "1.0.0",
  "lockfileVersion": 2,
  "requires": true,
  "packages": {
    "": {
      "name": "beis-report-official-development-assistance",
      "version": "1.0.0",
      "license": "ISC",
      "dependencies": {
        "accessible-autocomplete": "^2.0.2",
        "govuk-frontend": "^3.3.0"
      }
    },
    "node_modules/accessible-autocomplete": {
      "version": "2.0.2",
      "resolved": "https://registry.npmjs.org/accessible-autocomplete/-/accessible-autocomplete-2.0.2.tgz",
      "integrity": "sha512-cdA4O4u1xmefZuAdtL+0VBnDivdapgIZRQjm0E1bcekHnH5h67Vt1QL79NqPtlAn+6lyrR+H+pbnYVvUOJ1ULQ==",
      "dependencies": {
        "preact": "^8.3.1"
      }
    },
    "node_modules/govuk-frontend": {
      "version": "3.11.0",
      "resolved": "https://registry.npmjs.org/govuk-frontend/-/govuk-frontend-3.11.0.tgz",
      "integrity": "sha512-1hW/3etYBtKPM+PNdWVOijvWVI3mpYL8eb7WLTtlh/Qxf2mCp6LkCsZk9I034n4EJBYQ5jlUWsUlTOOIypftpg==",
      "engines": {
        "node": ">= 4.2.0"
      }
    },
    "node_modules/preact": {
      "version": "8.5.3",
      "resolved": "https://registry.npmjs.org/preact/-/preact-8.5.3.tgz",
      "integrity": "sha512-O3kKP+1YdgqHOFsZF2a9JVdtqD+RPzCQc3rP+Ualf7V6rmRDchZ9MJbiGTT7LuyqFKZqlHSOyO/oMFmI2lVTsw=="
    }
  },
  "dependencies": {
    "accessible-autocomplete": {
      "version": "2.0.2",
      "resolved": "https://registry.npmjs.org/accessible-autocomplete/-/accessible-autocomplete-2.0.2.tgz",
      "integrity": "sha512-cdA4O4u1xmefZuAdtL+0VBnDivdapgIZRQjm0E1bcekHnH5h67Vt1QL79NqPtlAn+6lyrR+H+pbnYVvUOJ1ULQ==",
      "requires": {
        "preact": "^8.3.1"
      }
    },
    "govuk-frontend": {
      "version": "3.11.0",
      "resolved": "https://registry.npmjs.org/govuk-frontend/-/govuk-frontend-3.11.0.tgz",
      "integrity": "sha512-1hW/3etYBtKPM+PNdWVOijvWVI3mpYL8eb7WLTtlh/Qxf2mCp6LkCsZk9I034n4EJBYQ5jlUWsUlTOOIypftpg=="
    },
    "preact": {
      "version": "8.5.3",
      "resolved": "https://registry.npmjs.org/preact/-/preact-8.5.3.tgz",
      "integrity": "sha512-O3kKP+1YdgqHOFsZF2a9JVdtqD+RPzCQc3rP+Ualf7V6rmRDchZ9MJbiGTT7LuyqFKZqlHSOyO/oMFmI2lVTsw=="
    }
  }
}
